
Microsoft Visual Studio Solution File, Format Version 12.00
# Visual Studio Version 17
VisualStudioVersion = 17.5.002.0
MinimumVisualStudioVersion = 10.0.40219.1
Project("{9A19103F-16F7-4668-BE54-9A1E7A4F7556}") = "Questão2", "Questão2.csproj", "{3A6E9359-7E7A-4445-81C2-9C92F98211E7}"
EndProject
Global
	GlobalSection(SolutionConfigurationPlatforms) = preSolution
		Debug|Any CPU = Debug|Any CPU
		Release|Any CPU = Release|Any CPU
	EndGlobalSection
	GlobalSection(ProjectConfigurationPlatforms) = postSolution
		{3A6E9359-7E7A-4445-81C2-9C92F98211E7}.Debug|Any CPU.ActiveCfg = Debug|Any CPU
		{3A6E9359-7E7A-4445-81C2-9C92F98211E7}.Debug|Any CPU.Build.0 = Debug|Any CPU
		{3A6E9359-7E7A-4445-81C2-9C92F98211E7}.Release|Any CPU.ActiveCfg = Release|Any CPU
		{3A6E9359-7E7A-4445-81C2-9C92F98211E7}.Release|Any CPU.Build.0 = Release|Any CPU
	EndGlobalSection
	GlobalSection(SolutionProperties) = preSolution
		HideSolutionNode = FALSE
	EndGlobalSection
	GlobalSection(ExtensibilityGlobals) = postSolution
		SolutionGuid = {1300BD76-3BBD-4E28-B145-5239B3365634}
	EndGlobalSection
EndGlobal
